
Microsoft Visual Studio Solution File, Format Version 12.00
# Visual Studio Version 17
VisualStudioVersion = 17.7.34024.191
MinimumVisualStudioVersion = 10.0.40219.1
Project("{FAE04EC0-301F-11D3-BF4B-00C04F79EFBC}") = "VK_datagridfilter", "VK_datagridfilter\VK_datagridfilter.csproj", "{4C2722FF-0D8F-472E-AA44-13F0C2FC127E}"
EndProject
Global
	GlobalSection(SolutionConfigurationPlatforms) = preSolution
		Debug|Any CPU = Debug|Any CPU
		Release|Any CPU = Release|Any CPU
	EndGlobalSection
	GlobalSection(ProjectConfigurationPlatforms) = postSolution
		{4C2722FF-0D8F-472E-AA44-13F0C2FC127E}.Debug|Any CPU.ActiveCfg = Debug|Any CPU
		{4C2722FF-0D8F-472E-AA44-13F0C2FC127E}.Debug|Any CPU.Build.0 = Debug|Any CPU
		{4C2722FF-0D8F-472E-AA44-13F0C2FC127E}.Release|Any CPU.ActiveCfg = Release|Any CPU
		{4C2722FF-0D8F-472E-AA44-13F0C2FC127E}.Release|Any CPU.Build.0 = Release|Any CPU
	EndGlobalSection
	GlobalSection(SolutionProperties) = preSolution
		HideSolutionNode = FALSE
	EndGlobalSection
	GlobalSection(ExtensibilityGlobals) = postSolution
		SolutionGuid = {5806D24F-A127-4AFF-AE9A-4E33B88C17B4}
	EndGlobalSection
EndGlobal
